
Microsoft Visual Studio Solution File, Format Version 12.00
# Visual Studio 15
VisualStudioVersion = 15.0.27004.2009
MinimumVisualStudioVersion = 10.0.40219.1
Project("{9A19103F-16F7-4668-BE54-9A1E7A4F7556}") = "RockLib.Configuration.ProxyFactory", "RockLib.Configuration.ProxyFactory\RockLib.Configuration.ProxyFactory.csproj", "{668E5809-C181-4FFD-AF2B-29D342FD6909}"
EndProject
Project("{9A19103F-16F7-4668-BE54-9A1E7A4F7556}") = "RockLib.Configuration.ProxyFactory.UnitTests", "Tests\RockLib.Configuration.ProxyFactory.UnitTests\RockLib.Configuration.ProxyFactory.UnitTests.csproj", "{0AF2FE77-91AA-43C5-AC7E-7E3E31627283}"
EndProject
Global
	GlobalSection(SolutionConfigurationPlatforms) = preSolution
		Debug|Any CPU = Debug|Any CPU
		Release|Any CPU = Release|Any CPU
	EndGlobalSection
	GlobalSection(ProjectConfigurationPlatforms) = postSolution
		{668E5809-C181-4FFD-AF2B-29D342FD6909}.Debug|Any CPU.ActiveCfg = Debug|Any CPU
		{668E5809-C181-4FFD-AF2B-29D342FD6909}.Debug|Any CPU.Build.0 = Debug|Any CPU
		{668E5809-C181-4FFD-AF2B-29D342FD6909}.Release|Any CPU.ActiveCfg = Release|Any CPU
		{668E5809-C181-4FFD-AF2B-29D342FD6909}.Release|Any CPU.Build.0 = Release|Any CPU
		{0AF2FE77-91AA-43C5-AC7E-7E3E31627283}.Debug|Any CPU.ActiveCfg = Debug|Any CPU
		{0AF2FE77-91AA-43C5-AC7E-7E3E31627283}.Debug|Any CPU.Build.0 = Debug|Any CPU
		{0AF2FE77-91AA-43C5-AC7E-7E3E31627283}.Release|Any CPU.ActiveCfg = Release|Any CPU
		{0AF2FE77-91AA-43C5-AC7E-7E3E31627283}.Release|Any CPU.Build.0 = Release|Any CPU
	EndGlobalSection
	GlobalSection(SolutionProperties) = preSolution
		HideSolutionNode = FALSE
	EndGlobalSection
	GlobalSection(ExtensibilityGlobals) = postSolution
		SolutionGuid = {DF36CA15-3280-487B-AA81-A9F8C00A4CBB}
	EndGlobalSection
EndGlobal
