
Microsoft Visual Studio Solution File, Format Version 12.00
# Visual Studio 15
VisualStudioVersion = 15.0.26430.14
MinimumVisualStudioVersion = 10.0.40219.1
Project("{D954291E-2A0B-460D-934E-DC6B0785DB48}") = "RockLib.Configuration", "RockLib.Configuration\RockLib.Configuration.shproj", "{0A3E7718-0EEF-4206-A35A-92C62ABF9AEA}"
EndProject
Project("{FAE04EC0-301F-11D3-BF4B-00C04F79EFBC}") = "RockLib.Configuration.Example.Core", "RockLib.Configuration.Example.Core\RockLib.Configuration.Example.Core.csproj", "{19FCC5CE-4CDC-409A-918F-AE0C72B16D38}"
EndProject
Global
	GlobalSection(SharedMSBuildProjectFiles) = preSolution
		RockLib.Configuration\RockLib.Configuration.projitems*{0a3e7718-0eef-4206-a35a-92c62abf9aea}*SharedItemsImports = 13
	EndGlobalSection
	GlobalSection(SolutionConfigurationPlatforms) = preSolution
		Debug|Any CPU = Debug|Any CPU
		Release|Any CPU = Release|Any CPU
	EndGlobalSection
	GlobalSection(ProjectConfigurationPlatforms) = postSolution
		{19FCC5CE-4CDC-409A-918F-AE0C72B16D38}.Debug|Any CPU.ActiveCfg = Debug|Any CPU
		{19FCC5CE-4CDC-409A-918F-AE0C72B16D38}.Debug|Any CPU.Build.0 = Debug|Any CPU
		{19FCC5CE-4CDC-409A-918F-AE0C72B16D38}.Release|Any CPU.ActiveCfg = Release|Any CPU
		{19FCC5CE-4CDC-409A-918F-AE0C72B16D38}.Release|Any CPU.Build.0 = Release|Any CPU
	EndGlobalSection
	GlobalSection(SolutionProperties) = preSolution
		HideSolutionNode = FALSE
	EndGlobalSection
EndGlobal
