
Microsoft Visual Studio Solution File, Format Version 12.00
# Visual Studio Version 16
VisualStudioVersion = 16.0.30804.86
MinimumVisualStudioVersion = 10.0.40219.1
Project("{9A19103F-16F7-4668-BE54-9A1E7A4F7556}") = "RockLib.Configuration.MessagingProvider", "RockLib.Configuration.MessagingProvider\RockLib.Configuration.MessagingProvider.csproj", "{592A0564-0266-4601-ACF2-73EA0265F971}"
EndProject
Project("{9A19103F-16F7-4668-BE54-9A1E7A4F7556}") = "RockLib.Configuration.MessagingProvider.Tests", "Tests\RockLib.Configuration.MessagingProvider.Tests\RockLib.Configuration.MessagingProvider.Tests.csproj", "{96A46744-4FE4-4E77-A3E5-FAB104BD5B66}"
EndProject
Global
	GlobalSection(SolutionConfigurationPlatforms) = preSolution
		Debug|Any CPU = Debug|Any CPU
		Release|Any CPU = Release|Any CPU
	EndGlobalSection
	GlobalSection(ProjectConfigurationPlatforms) = postSolution
		{592A0564-0266-4601-ACF2-73EA0265F971}.Debug|Any CPU.ActiveCfg = Debug|Any CPU
		{592A0564-0266-4601-ACF2-73EA0265F971}.Debug|Any CPU.Build.0 = Debug|Any CPU
		{592A0564-0266-4601-ACF2-73EA0265F971}.Release|Any CPU.ActiveCfg = Release|Any CPU
		{592A0564-0266-4601-ACF2-73EA0265F971}.Release|Any CPU.Build.0 = Release|Any CPU
		{96A46744-4FE4-4E77-A3E5-FAB104BD5B66}.Debug|Any CPU.ActiveCfg = Debug|Any CPU
		{96A46744-4FE4-4E77-A3E5-FAB104BD5B66}.Debug|Any CPU.Build.0 = Debug|Any CPU
		{96A46744-4FE4-4E77-A3E5-FAB104BD5B66}.Release|Any CPU.ActiveCfg = Release|Any CPU
		{96A46744-4FE4-4E77-A3E5-FAB104BD5B66}.Release|Any CPU.Build.0 = Release|Any CPU
	EndGlobalSection
	GlobalSection(SolutionProperties) = preSolution
		HideSolutionNode = FALSE
	EndGlobalSection
	GlobalSection(ExtensibilityGlobals) = postSolution
		SolutionGuid = {16E62408-B5B7-4BD0-A503-C730909CAE3A}
	EndGlobalSection
EndGlobal
