
Microsoft Visual Studio Solution File, Format Version 12.00
# Visual Studio 15
VisualStudioVersion = 15.0.27004.2009
MinimumVisualStudioVersion = 10.0.40219.1
Project("{9A19103F-16F7-4668-BE54-9A1E7A4F7556}") = "RockLib.Configuration", "RockLib.Configuration\RockLib.Configuration.csproj", "{33869C6F-C539-4FC7-89A6-114BFA3B05D8}"
EndProject
Project("{9A19103F-16F7-4668-BE54-9A1E7A4F7556}") = "RockLib.Configuration.CustomConfigTests", "RockLib.Configuration.CustomConfigTests\RockLib.Configuration.CustomConfigTests.csproj", "{39DDD7E6-739F-4631-AF64-7A7EB1D55A1A}"
EndProject
Project("{9A19103F-16F7-4668-BE54-9A1E7A4F7556}") = "RockLib.Configuration.AppSettingsConfigTests", "RockLib.Configuration.AppSettingsConfigTests\RockLib.Configuration.AppSettingsConfigTests.csproj", "{B256C4B7-00A4-4FB5-9820-96DDF5F16E30}"
EndProject
Global
	GlobalSection(SolutionConfigurationPlatforms) = preSolution
		Debug|Any CPU = Debug|Any CPU
		Release|Any CPU = Release|Any CPU
	EndGlobalSection
	GlobalSection(ProjectConfigurationPlatforms) = postSolution
		{33869C6F-C539-4FC7-89A6-114BFA3B05D8}.Debug|Any CPU.ActiveCfg = Debug|Any CPU
		{33869C6F-C539-4FC7-89A6-114BFA3B05D8}.Debug|Any CPU.Build.0 = Debug|Any CPU
		{33869C6F-C539-4FC7-89A6-114BFA3B05D8}.Release|Any CPU.ActiveCfg = Release|Any CPU
		{33869C6F-C539-4FC7-89A6-114BFA3B05D8}.Release|Any CPU.Build.0 = Release|Any CPU
		{39DDD7E6-739F-4631-AF64-7A7EB1D55A1A}.Debug|Any CPU.ActiveCfg = Debug|Any CPU
		{39DDD7E6-739F-4631-AF64-7A7EB1D55A1A}.Debug|Any CPU.Build.0 = Debug|Any CPU
		{39DDD7E6-739F-4631-AF64-7A7EB1D55A1A}.Release|Any CPU.ActiveCfg = Release|Any CPU
		{39DDD7E6-739F-4631-AF64-7A7EB1D55A1A}.Release|Any CPU.Build.0 = Release|Any CPU
		{B256C4B7-00A4-4FB5-9820-96DDF5F16E30}.Debug|Any CPU.ActiveCfg = Debug|Any CPU
		{B256C4B7-00A4-4FB5-9820-96DDF5F16E30}.Debug|Any CPU.Build.0 = Debug|Any CPU
		{B256C4B7-00A4-4FB5-9820-96DDF5F16E30}.Release|Any CPU.ActiveCfg = Release|Any CPU
		{B256C4B7-00A4-4FB5-9820-96DDF5F16E30}.Release|Any CPU.Build.0 = Release|Any CPU
	EndGlobalSection
	GlobalSection(SolutionProperties) = preSolution
		HideSolutionNode = FALSE
	EndGlobalSection
	GlobalSection(ExtensibilityGlobals) = postSolution
		SolutionGuid = {DF36CA15-3280-487B-AA81-A9F8C00A4CBB}
	EndGlobalSection
EndGlobal
